
Microsoft Visual Studio Solution File, Format Version 12.00
# Visual Studio 2013
VisualStudioVersion = 12.0.21005.1
MinimumVisualStudioVersion = 10.0.40219.1
Project("{FAE04EC0-301F-11D3-BF4B-00C04F79EFBC}") = "Identity.Fetcher.WindowsService", "Identity.Fetcher.WindowsService\Identity.Fetcher.WindowsService.csproj", "{BB6A2D09-2AF6-42BF-A11B-06FB0C3A05D8}"
EndProject
Project("{FAE04EC0-301F-11D3-BF4B-00C04F79EFBC}") = "Identity.Domain", "Identity.Domain\Identity.Domain.csproj", "{37EB6744-B8BD-4958-A532-3FC7449211DC}"
EndProject
Project("{FAE04EC0-301F-11D3-BF4B-00C04F79EFBC}") = "Identity.Infrastructure", "Identity.Infrastructure\Identity.Infrastructure.csproj", "{807DD115-D67C-462D-B4FC-F06ABBC3112E}"
EndProject
Project("{FAE04EC0-301F-11D3-BF4B-00C04F79EFBC}") = "Identity.WebServer", "Identity.OAuth\Identity.WebServer.csproj", "{402EF8C0-EF82-4101-AAD6-00E539621A16}"
EndProject
Project("{FAE04EC0-301F-11D3-BF4B-00C04F79EFBC}") = "Identity.WebClient", "Identity.Web\Identity.WebClient.csproj", "{4F331350-93B4-4139-9491-08B7598CB084}"
EndProject
Global
	GlobalSection(SolutionConfigurationPlatforms) = preSolution
		Debug|Any CPU = Debug|Any CPU
		Release|Any CPU = Release|Any CPU
	EndGlobalSection
	GlobalSection(ProjectConfigurationPlatforms) = postSolution
		{BB6A2D09-2AF6-42BF-A11B-06FB0C3A05D8}.Debug|Any CPU.ActiveCfg = Debug|Any CPU
		{BB6A2D09-2AF6-42BF-A11B-06FB0C3A05D8}.Debug|Any CPU.Build.0 = Debug|Any CPU
		{BB6A2D09-2AF6-42BF-A11B-06FB0C3A05D8}.Release|Any CPU.ActiveCfg = Release|Any CPU
		{BB6A2D09-2AF6-42BF-A11B-06FB0C3A05D8}.Release|Any CPU.Build.0 = Release|Any CPU
		{37EB6744-B8BD-4958-A532-3FC7449211DC}.Debug|Any CPU.ActiveCfg = Debug|Any CPU
		{37EB6744-B8BD-4958-A532-3FC7449211DC}.Debug|Any CPU.Build.0 = Debug|Any CPU
		{37EB6744-B8BD-4958-A532-3FC7449211DC}.Release|Any CPU.ActiveCfg = Release|Any CPU
		{37EB6744-B8BD-4958-A532-3FC7449211DC}.Release|Any CPU.Build.0 = Release|Any CPU
		{807DD115-D67C-462D-B4FC-F06ABBC3112E}.Debug|Any CPU.ActiveCfg = Debug|Any CPU
		{807DD115-D67C-462D-B4FC-F06ABBC3112E}.Debug|Any CPU.Build.0 = Debug|Any CPU
		{807DD115-D67C-462D-B4FC-F06ABBC3112E}.Release|Any CPU.ActiveCfg = Release|Any CPU
		{807DD115-D67C-462D-B4FC-F06ABBC3112E}.Release|Any CPU.Build.0 = Release|Any CPU
		{402EF8C0-EF82-4101-AAD6-00E539621A16}.Debug|Any CPU.ActiveCfg = Debug|Any CPU
		{402EF8C0-EF82-4101-AAD6-00E539621A16}.Debug|Any CPU.Build.0 = Debug|Any CPU
		{402EF8C0-EF82-4101-AAD6-00E539621A16}.Release|Any CPU.ActiveCfg = Release|Any CPU
		{402EF8C0-EF82-4101-AAD6-00E539621A16}.Release|Any CPU.Build.0 = Release|Any CPU
		{4F331350-93B4-4139-9491-08B7598CB084}.Debug|Any CPU.ActiveCfg = Debug|Any CPU
		{4F331350-93B4-4139-9491-08B7598CB084}.Debug|Any CPU.Build.0 = Debug|Any CPU
		{4F331350-93B4-4139-9491-08B7598CB084}.Release|Any CPU.ActiveCfg = Release|Any CPU
		{4F331350-93B4-4139-9491-08B7598CB084}.Release|Any CPU.Build.0 = Release|Any CPU
	EndGlobalSection
	GlobalSection(SolutionProperties) = preSolution
		HideSolutionNode = FALSE
	EndGlobalSection
EndGlobal
